
Microsoft Visual Studio Solution File, Format Version 12.00
# Visual Studio Version 17
VisualStudioVersion = 17.4.33122.133
MinimumVisualStudioVersion = 10.0.40219.1
Project("{FAE04EC0-301F-11D3-BF4B-00C04F79EFBC}") = "NgeeAnnCity", "NgeeAnnCity\NgeeAnnCity.csproj", "{5B16C3F2-07BA-4A31-9B7C-7E72ED0C2B6D}"
EndProject
Global
	GlobalSection(SolutionConfigurationPlatforms) = preSolution
		Debug|Any CPU = Debug|Any CPU
		Release|Any CPU = Release|Any CPU
	EndGlobalSection
	GlobalSection(ProjectConfigurationPlatforms) = postSolution
		{5B16C3F2-07BA-4A31-9B7C-7E72ED0C2B6D}.Debug|Any CPU.ActiveCfg = Debug|Any CPU
		{5B16C3F2-07BA-4A31-9B7C-7E72ED0C2B6D}.Debug|Any CPU.Build.0 = Debug|Any CPU
		{5B16C3F2-07BA-4A31-9B7C-7E72ED0C2B6D}.Release|Any CPU.ActiveCfg = Release|Any CPU
		{5B16C3F2-07BA-4A31-9B7C-7E72ED0C2B6D}.Release|Any CPU.Build.0 = Release|Any CPU
	EndGlobalSection
	GlobalSection(SolutionProperties) = preSolution
		HideSolutionNode = FALSE
	EndGlobalSection
	GlobalSection(ExtensibilityGlobals) = postSolution
		SolutionGuid = {D9E267AA-ECD2-4E97-846F-928A98554332}
	EndGlobalSection
EndGlobal
